
Microsoft Visual Studio Solution File, Format Version 12.00
# Visual Studio Version 17
VisualStudioVersion = 17.3.32922.545
MinimumVisualStudioVersion = 10.0.40219.1
Project("{9A19103F-16F7-4668-BE54-9A1E7A4F7556}") = "Blazor Control Work", "Blazor Control Work\Blazor Control Work.csproj", "{F4EDB92D-4E58-4B9F-BC22-D7517BE6AC86}"
EndProject
Global
	GlobalSection(SolutionConfigurationPlatforms) = preSolution
		Debug|Any CPU = Debug|Any CPU
		Release|Any CPU = Release|Any CPU
	EndGlobalSection
	GlobalSection(ProjectConfigurationPlatforms) = postSolution
		{F4EDB92D-4E58-4B9F-BC22-D7517BE6AC86}.Debug|Any CPU.ActiveCfg = Debug|Any CPU
		{F4EDB92D-4E58-4B9F-BC22-D7517BE6AC86}.Debug|Any CPU.Build.0 = Debug|Any CPU
		{F4EDB92D-4E58-4B9F-BC22-D7517BE6AC86}.Release|Any CPU.ActiveCfg = Release|Any CPU
		{F4EDB92D-4E58-4B9F-BC22-D7517BE6AC86}.Release|Any CPU.Build.0 = Release|Any CPU
	EndGlobalSection
	GlobalSection(SolutionProperties) = preSolution
		HideSolutionNode = FALSE
	EndGlobalSection
	GlobalSection(ExtensibilityGlobals) = postSolution
		SolutionGuid = {9739E3FA-34D8-401F-A37E-AE7240B96A5D}
	EndGlobalSection
EndGlobal
